
Microsoft Visual Studio Solution File, Format Version 12.00
# Visual Studio 2012
Project("{FAE04EC0-301F-11D3-BF4B-00C04F79EFBC}") = "DressPlanner", "DressPlanner\DressPlanner.csproj", "{C7BFAF93-26E1-487B-B1E4-7455714BF082}"
EndProject
Global
	GlobalSection(SolutionConfigurationPlatforms) = preSolution
		Debug|iPhoneSimulator = Debug|iPhoneSimulator
		Release|iPhone = Release|iPhone
		Release|iPhoneSimulator = Release|iPhoneSimulator
		Debug|iPhone = Debug|iPhone
	EndGlobalSection
	GlobalSection(ProjectConfigurationPlatforms) = postSolution
		{C7BFAF93-26E1-487B-B1E4-7455714BF082}.Debug|iPhoneSimulator.ActiveCfg = Debug|iPhoneSimulator
		{C7BFAF93-26E1-487B-B1E4-7455714BF082}.Debug|iPhoneSimulator.Build.0 = Debug|iPhoneSimulator
		{C7BFAF93-26E1-487B-B1E4-7455714BF082}.Release|iPhone.ActiveCfg = Release|iPhone
		{C7BFAF93-26E1-487B-B1E4-7455714BF082}.Release|iPhone.Build.0 = Release|iPhone
		{C7BFAF93-26E1-487B-B1E4-7455714BF082}.Release|iPhoneSimulator.ActiveCfg = Release|iPhoneSimulator
		{C7BFAF93-26E1-487B-B1E4-7455714BF082}.Release|iPhoneSimulator.Build.0 = Release|iPhoneSimulator
		{C7BFAF93-26E1-487B-B1E4-7455714BF082}.Debug|iPhone.ActiveCfg = Debug|iPhone
		{C7BFAF93-26E1-487B-B1E4-7455714BF082}.Debug|iPhone.Build.0 = Debug|iPhone
	EndGlobalSection
EndGlobal
